
Microsoft Visual Studio Solution File, Format Version 12.00
# Visual Studio Version 16
VisualStudioVersion = 16.0.30907.101
MinimumVisualStudioVersion = 10.0.40219.1
Project("{FAE04EC0-301F-11D3-BF4B-00C04F79EFBC}") = "WebApplication1", "WebApplication1\WebApplication1.csproj", "{B4FC7DEA-E5C2-4DB4-9718-316492F8EA7B}"
EndProject
Project("{FAE04EC0-301F-11D3-BF4B-00C04F79EFBC}") = "WebApplication2", "WebApplication2\WebApplication2.csproj", "{5B8729B2-36FC-46AD-9B4C-8F5582A12041}"
EndProject
Global
	GlobalSection(SolutionConfigurationPlatforms) = preSolution
		Debug|Any CPU = Debug|Any CPU
		Release|Any CPU = Release|Any CPU
	EndGlobalSection
	GlobalSection(ProjectConfigurationPlatforms) = postSolution
		{B4FC7DEA-E5C2-4DB4-9718-316492F8EA7B}.Debug|Any CPU.ActiveCfg = Debug|Any CPU
		{B4FC7DEA-E5C2-4DB4-9718-316492F8EA7B}.Debug|Any CPU.Build.0 = Debug|Any CPU
		{B4FC7DEA-E5C2-4DB4-9718-316492F8EA7B}.Release|Any CPU.ActiveCfg = Release|Any CPU
		{B4FC7DEA-E5C2-4DB4-9718-316492F8EA7B}.Release|Any CPU.Build.0 = Release|Any CPU
		{5B8729B2-36FC-46AD-9B4C-8F5582A12041}.Debug|Any CPU.ActiveCfg = Debug|Any CPU
		{5B8729B2-36FC-46AD-9B4C-8F5582A12041}.Debug|Any CPU.Build.0 = Debug|Any CPU
		{5B8729B2-36FC-46AD-9B4C-8F5582A12041}.Release|Any CPU.ActiveCfg = Release|Any CPU
		{5B8729B2-36FC-46AD-9B4C-8F5582A12041}.Release|Any CPU.Build.0 = Release|Any CPU
	EndGlobalSection
	GlobalSection(SolutionProperties) = preSolution
		HideSolutionNode = FALSE
	EndGlobalSection
	GlobalSection(ExtensibilityGlobals) = postSolution
		SolutionGuid = {DC67BA58-5A44-4183-84E5-8C82C5C1401A}
	EndGlobalSection
EndGlobal
